
Microsoft Visual Studio Solution File, Format Version 12.00
# Visual Studio 15
VisualStudioVersion = 15.0.28010.2036
MinimumVisualStudioVersion = 10.0.40219.1
Project("{FAE04EC0-301F-11D3-BF4B-00C04F79EFBC}") = "Aula_XAML_Picker.Android", "Aula_XAML_Picker\Aula_XAML_Picker.Android\Aula_XAML_Picker.Android.csproj", "{B531C7B8-D069-40D0-A53F-3FD4CADE1FB5}"
EndProject
Project("{FAE04EC0-301F-11D3-BF4B-00C04F79EFBC}") = "Aula_XAML_Picker.iOS", "Aula_XAML_Picker\Aula_XAML_Picker.iOS\Aula_XAML_Picker.iOS.csproj", "{68C9D05B-3FDC-440E-83D7-0923F5E81F81}"
EndProject
Project("{FAE04EC0-301F-11D3-BF4B-00C04F79EFBC}") = "Aula_XAML_Picker", "Aula_XAML_Picker\Aula_XAML_Picker\Aula_XAML_Picker.csproj", "{B8F808E8-14F8-41E5-91F8-1F82EAE922CE}"
EndProject
Global
	GlobalSection(SolutionConfigurationPlatforms) = preSolution
		Ad-Hoc|Any CPU = Ad-Hoc|Any CPU
		Ad-Hoc|iPhone = Ad-Hoc|iPhone
		Ad-Hoc|iPhoneSimulator = Ad-Hoc|iPhoneSimulator
		AppStore|Any CPU = AppStore|Any CPU
		AppStore|iPhone = AppStore|iPhone
		AppStore|iPhoneSimulator = AppStore|iPhoneSimulator
		Debug|Any CPU = Debug|Any CPU
		Debug|iPhone = Debug|iPhone
		Debug|iPhoneSimulator = Debug|iPhoneSimulator
		Release|Any CPU = Release|Any CPU
		Release|iPhone = Release|iPhone
		Release|iPhoneSimulator = Release|iPhoneSimulator
	EndGlobalSection
	GlobalSection(ProjectConfigurationPlatforms) = postSolution
		{B531C7B8-D069-40D0-A53F-3FD4CADE1FB5}.Ad-Hoc|Any CPU.ActiveCfg = Release|Any CPU
		{B531C7B8-D069-40D0-A53F-3FD4CADE1FB5}.Ad-Hoc|Any CPU.Build.0 = Release|Any CPU
		{B531C7B8-D069-40D0-A53F-3FD4CADE1FB5}.Ad-Hoc|Any CPU.Deploy.0 = Release|Any CPU
		{B531C7B8-D069-40D0-A53F-3FD4CADE1FB5}.Ad-Hoc|iPhone.ActiveCfg = Release|Any CPU
		{B531C7B8-D069-40D0-A53F-3FD4CADE1FB5}.Ad-Hoc|iPhone.Build.0 = Release|Any CPU
		{B531C7B8-D069-40D0-A53F-3FD4CADE1FB5}.Ad-Hoc|iPhone.Deploy.0 = Release|Any CPU
		{B531C7B8-D069-40D0-A53F-3FD4CADE1FB5}.Ad-Hoc|iPhoneSimulator.ActiveCfg = Release|Any CPU
		{B531C7B8-D069-40D0-A53F-3FD4CADE1FB5}.Ad-Hoc|iPhoneSimulator.Build.0 = Release|Any CPU
		{B531C7B8-D069-40D0-A53F-3FD4CADE1FB5}.Ad-Hoc|iPhoneSimulator.Deploy.0 = Release|Any CPU
		{B531C7B8-D069-40D0-A53F-3FD4CADE1FB5}.AppStore|Any CPU.ActiveCfg = Release|Any CPU
		{B531C7B8-D069-40D0-A53F-3FD4CADE1FB5}.AppStore|Any CPU.Build.0 = Release|Any CPU
		{B531C7B8-D069-40D0-A53F-3FD4CADE1FB5}.AppStore|Any CPU.Deploy.0 = Release|Any CPU
		{B531C7B8-D069-40D0-A53F-3FD4CADE1FB5}.AppStore|iPhone.ActiveCfg = Release|Any CPU
		{B531C7B8-D069-40D0-A53F-3FD4CADE1FB5}.AppStore|iPhone.Build.0 = Release|Any CPU
		{B531C7B8-D069-40D0-A53F-3FD4CADE1FB5}.AppStore|iPhone.Deploy.0 = Release|Any CPU
		{B531C7B8-D069-40D0-A53F-3FD4CADE1FB5}.AppStore|iPhoneSimulator.ActiveCfg = Release|Any CPU
		{B531C7B8-D069-40D0-A53F-3FD4CADE1FB5}.AppStore|iPhoneSimulator.Build.0 = Release|Any CPU
		{B531C7B8-D069-40D0-A53F-3FD4CADE1FB5}.AppStore|iPhoneSimulator.Deploy.0 = Release|Any CPU
		{B531C7B8-D069-40D0-A53F-3FD4CADE1FB5}.Debug|Any CPU.ActiveCfg = Debug|Any CPU
		{B531C7B8-D069-40D0-A53F-3FD4CADE1FB5}.Debug|Any CPU.Build.0 = Debug|Any CPU
		{B531C7B8-D069-40D0-A53F-3FD4CADE1FB5}.Debug|Any CPU.Deploy.0 = Debug|Any CPU
		{B531C7B8-D069-40D0-A53F-3FD4CADE1FB5}.Debug|iPhone.ActiveCfg = Debug|Any CPU
		{B531C7B8-D069-40D0-A53F-3FD4CADE1FB5}.Debug|iPhone.Build.0 = Debug|Any CPU
		{B531C7B8-D069-40D0-A53F-3FD4CADE1FB5}.Debug|iPhone.Deploy.0 = Debug|Any CPU
		{B531C7B8-D069-40D0-A53F-3FD4CADE1FB5}.Debug|iPhoneSimulator.ActiveCfg = Debug|Any CPU
		{B531C7B8-D069-40D0-A53F-3FD4CADE1FB5}.Debug|iPhoneSimulator.Build.0 = Debug|Any CPU
		{B531C7B8-D069-40D0-A53F-3FD4CADE1FB5}.Debug|iPhoneSimulator.Deploy.0 = Debug|Any CPU
		{B531C7B8-D069-40D0-A53F-3FD4CADE1FB5}.Release|Any CPU.ActiveCfg = Release|Any CPU
		{B531C7B8-D069-40D0-A53F-3FD4CADE1FB5}.Release|Any CPU.Build.0 = Release|Any CPU
		{B531C7B8-D069-40D0-A53F-3FD4CADE1FB5}.Release|Any CPU.Deploy.0 = Release|Any CPU
		{B531C7B8-D069-40D0-A53F-3FD4CADE1FB5}.Release|iPhone.ActiveCfg = Release|Any CPU
		{B531C7B8-D069-40D0-A53F-3FD4CADE1FB5}.Release|iPhone.Build.0 = Release|Any CPU
		{B531C7B8-D069-40D0-A53F-3FD4CADE1FB5}.Release|iPhone.Deploy.0 = Release|Any CPU
		{B531C7B8-D069-40D0-A53F-3FD4CADE1FB5}.Release|iPhoneSimulator.ActiveCfg = Release|Any CPU
		{B531C7B8-D069-40D0-A53F-3FD4CADE1FB5}.Release|iPhoneSimulator.Build.0 = Release|Any CPU
		{B531C7B8-D069-40D0-A53F-3FD4CADE1FB5}.Release|iPhoneSimulator.Deploy.0 = Release|Any CPU
		{68C9D05B-3FDC-440E-83D7-0923F5E81F81}.Ad-Hoc|Any CPU.ActiveCfg = Ad-Hoc|iPhone
		{68C9D05B-3FDC-440E-83D7-0923F5E81F81}.Ad-Hoc|Any CPU.Build.0 = Ad-Hoc|iPhone
		{68C9D05B-3FDC-440E-83D7-0923F5E81F81}.Ad-Hoc|Any CPU.Deploy.0 = Ad-Hoc|iPhone
		{68C9D05B-3FDC-440E-83D7-0923F5E81F81}.Ad-Hoc|iPhone.ActiveCfg = Ad-Hoc|iPhone
		{68C9D05B-3FDC-440E-83D7-0923F5E81F81}.Ad-Hoc|iPhone.Build.0 = Ad-Hoc|iPhone
		{68C9D05B-3FDC-440E-83D7-0923F5E81F81}.Ad-Hoc|iPhone.Deploy.0 = Ad-Hoc|iPhone
		{68C9D05B-3FDC-440E-83D7-0923F5E81F81}.Ad-Hoc|iPhoneSimulator.ActiveCfg = Ad-Hoc|iPhoneSimulator
		{68C9D05B-3FDC-440E-83D7-0923F5E81F81}.Ad-Hoc|iPhoneSimulator.Build.0 = Ad-Hoc|iPhoneSimulator
		{68C9D05B-3FDC-440E-83D7-0923F5E81F81}.Ad-Hoc|iPhoneSimulator.Deploy.0 = Ad-Hoc|iPhoneSimulator
		{68C9D05B-3FDC-440E-83D7-0923F5E81F81}.AppStore|Any CPU.ActiveCfg = AppStore|iPhone
		{68C9D05B-3FDC-440E-83D7-0923F5E81F81}.AppStore|Any CPU.Build.0 = AppStore|iPhone
		{68C9D05B-3FDC-440E-83D7-0923F5E81F81}.AppStore|Any CPU.Deploy.0 = AppStore|iPhone
		{68C9D05B-3FDC-440E-83D7-0923F5E81F81}.AppStore|iPhone.ActiveCfg = AppStore|iPhone
		{68C9D05B-3FDC-440E-83D7-0923F5E81F81}.AppStore|iPhone.Build.0 = AppStore|iPhone
		{68C9D05B-3FDC-440E-83D7-0923F5E81F81}.AppStore|iPhone.Deploy.0 = AppStore|iPhone
		{68C9D05B-3FDC-440E-83D7-0923F5E81F81}.AppStore|iPhoneSimulator.ActiveCfg = AppStore|iPhoneSimulator
		{68C9D05B-3FDC-440E-83D7-0923F5E81F81}.AppStore|iPhoneSimulator.Build.0 = AppStore|iPhoneSimulator
		{68C9D05B-3FDC-440E-83D7-0923F5E81F81}.AppStore|iPhoneSimulator.Deploy.0 = AppStore|iPhoneSimulator
		{68C9D05B-3FDC-440E-83D7-0923F5E81F81}.Debug|Any CPU.ActiveCfg = Debug|iPhoneSimulator
		{68C9D05B-3FDC-440E-83D7-0923F5E81F81}.Debug|Any CPU.Build.0 = Debug|iPhoneSimulator
		{68C9D05B-3FDC-440E-83D7-0923F5E81F81}.Debug|Any CPU.Deploy.0 = Debug|iPhoneSimulator
		{68C9D05B-3FDC-440E-83D7-0923F5E81F81}.Debug|iPhone.ActiveCfg = Debug|iPhone
		{68C9D05B-3FDC-440E-83D7-0923F5E81F81}.Debug|iPhone.Build.0 = Debug|iPhone
		{68C9D05B-3FDC-440E-83D7-0923F5E81F81}.Debug|iPhone.Deploy.0 = Debug|iPhone
		{68C9D05B-3FDC-440E-83D7-0923F5E81F81}.Debug|iPhoneSimulator.ActiveCfg = Debug|iPhoneSimulator
		{68C9D05B-3FDC-440E-83D7-0923F5E81F81}.Debug|iPhoneSimulator.Build.0 = Debug|iPhoneSimulator
		{68C9D05B-3FDC-440E-83D7-0923F5E81F81}.Debug|iPhoneSimulator.Deploy.0 = Debug|iPhoneSimulator
		{68C9D05B-3FDC-440E-83D7-0923F5E81F81}.Release|Any CPU.ActiveCfg = Release|iPhone
		{68C9D05B-3FDC-440E-83D7-0923F5E81F81}.Release|Any CPU.Build.0 = Release|iPhone
		{68C9D05B-3FDC-440E-83D7-0923F5E81F81}.Release|Any CPU.Deploy.0 = Release|iPhone
		{68C9D05B-3FDC-440E-83D7-0923F5E81F81}.Release|iPhone.ActiveCfg = Release|iPhone
		{68C9D05B-3FDC-440E-83D7-0923F5E81F81}.Release|iPhone.Build.0 = Release|iPhone
		{68C9D05B-3FDC-440E-83D7-0923F5E81F81}.Release|iPhone.Deploy.0 = Release|iPhone
		{68C9D05B-3FDC-440E-83D7-0923F5E81F81}.Release|iPhoneSimulator.ActiveCfg = Release|iPhoneSimulator
		{68C9D05B-3FDC-440E-83D7-0923F5E81F81}.Release|iPhoneSimulator.Build.0 = Release|iPhoneSimulator
		{68C9D05B-3FDC-440E-83D7-0923F5E81F81}.Release|iPhoneSimulator.Deploy.0 = Release|iPhoneSimulator
		{B8F808E8-14F8-41E5-91F8-1F82EAE922CE}.Ad-Hoc|Any CPU.ActiveCfg = Debug|Any CPU
		{B8F808E8-14F8-41E5-91F8-1F82EAE922CE}.Ad-Hoc|Any CPU.Build.0 = Debug|Any CPU
		{B8F808E8-14F8-41E5-91F8-1F82EAE922CE}.Ad-Hoc|Any CPU.Deploy.0 = Debug|Any CPU
		{B8F808E8-14F8-41E5-91F8-1F82EAE922CE}.Ad-Hoc|iPhone.ActiveCfg = Debug|Any CPU
		{B8F808E8-14F8-41E5-91F8-1F82EAE922CE}.Ad-Hoc|iPhone.Build.0 = Debug|Any CPU
		{B8F808E8-14F8-41E5-91F8-1F82EAE922CE}.Ad-Hoc|iPhone.Deploy.0 = Debug|Any CPU
		{B8F808E8-14F8-41E5-91F8-1F82EAE922CE}.Ad-Hoc|iPhoneSimulator.ActiveCfg = Debug|Any CPU
		{B8F808E8-14F8-41E5-91F8-1F82EAE922CE}.Ad-Hoc|iPhoneSimulator.Build.0 = Debug|Any CPU
		{B8F808E8-14F8-41E5-91F8-1F82EAE922CE}.Ad-Hoc|iPhoneSimulator.Deploy.0 = Debug|Any CPU
		{B8F808E8-14F8-41E5-91F8-1F82EAE922CE}.AppStore|Any CPU.ActiveCfg = Debug|Any CPU
		{B8F808E8-14F8-41E5-91F8-1F82EAE922CE}.AppStore|Any CPU.Build.0 = Debug|Any CPU
		{B8F808E8-14F8-41E5-91F8-1F82EAE922CE}.AppStore|Any CPU.Deploy.0 = Debug|Any CPU
		{B8F808E8-14F8-41E5-91F8-1F82EAE922CE}.AppStore|iPhone.ActiveCfg = Debug|Any CPU
		{B8F808E8-14F8-41E5-91F8-1F82EAE922CE}.AppStore|iPhone.Build.0 = Debug|Any CPU
		{B8F808E8-14F8-41E5-91F8-1F82EAE922CE}.AppStore|iPhone.Deploy.0 = Debug|Any CPU
		{B8F808E8-14F8-41E5-91F8-1F82EAE922CE}.AppStore|iPhoneSimulator.ActiveCfg = Debug|Any CPU
		{B8F808E8-14F8-41E5-91F8-1F82EAE922CE}.AppStore|iPhoneSimulator.Build.0 = Debug|Any CPU
		{B8F808E8-14F8-41E5-91F8-1F82EAE922CE}.AppStore|iPhoneSimulator.Deploy.0 = Debug|Any CPU
		{B8F808E8-14F8-41E5-91F8-1F82EAE922CE}.Debug|Any CPU.ActiveCfg = Debug|Any CPU
		{B8F808E8-14F8-41E5-91F8-1F82EAE922CE}.Debug|Any CPU.Build.0 = Debug|Any CPU
		{B8F808E8-14F8-41E5-91F8-1F82EAE922CE}.Debug|Any CPU.Deploy.0 = Debug|Any CPU
		{B8F808E8-14F8-41E5-91F8-1F82EAE922CE}.Debug|iPhone.ActiveCfg = Debug|Any CPU
		{B8F808E8-14F8-41E5-91F8-1F82EAE922CE}.Debug|iPhone.Build.0 = Debug|Any CPU
		{B8F808E8-14F8-41E5-91F8-1F82EAE922CE}.Debug|iPhone.Deploy.0 = Debug|Any CPU
		{B8F808E8-14F8-41E5-91F8-1F82EAE922CE}.Debug|iPhoneSimulator.ActiveCfg = Debug|Any CPU
		{B8F808E8-14F8-41E5-91F8-1F82EAE922CE}.Debug|iPhoneSimulator.Build.0 = Debug|Any CPU
		{B8F808E8-14F8-41E5-91F8-1F82EAE922CE}.Debug|iPhoneSimulator.Deploy.0 = Debug|Any CPU
		{B8F808E8-14F8-41E5-91F8-1F82EAE922CE}.Release|Any CPU.ActiveCfg = Release|Any CPU
		{B8F808E8-14F8-41E5-91F8-1F82EAE922CE}.Release|Any CPU.Build.0 = Release|Any CPU
		{B8F808E8-14F8-41E5-91F8-1F82EAE922CE}.Release|Any CPU.Deploy.0 = Release|Any CPU
		{B8F808E8-14F8-41E5-91F8-1F82EAE922CE}.Release|iPhone.ActiveCfg = Release|Any CPU
		{B8F808E8-14F8-41E5-91F8-1F82EAE922CE}.Release|iPhone.Build.0 = Release|Any CPU
		{B8F808E8-14F8-41E5-91F8-1F82EAE922CE}.Release|iPhone.Deploy.0 = Release|Any CPU
		{B8F808E8-14F8-41E5-91F8-1F82EAE922CE}.Release|iPhoneSimulator.ActiveCfg = Release|Any CPU
		{B8F808E8-14F8-41E5-91F8-1F82EAE922CE}.Release|iPhoneSimulator.Build.0 = Release|Any CPU
		{B8F808E8-14F8-41E5-91F8-1F82EAE922CE}.Release|iPhoneSimulator.Deploy.0 = Release|Any CPU
	EndGlobalSection
	GlobalSection(SolutionProperties) = preSolution
		HideSolutionNode = FALSE
	EndGlobalSection
	GlobalSection(ExtensibilityGlobals) = postSolution
		SolutionGuid = {94768AD4-58C5-4521-80BA-E784597C1C8D}
	EndGlobalSection
EndGlobal
