
Microsoft Visual Studio Solution File, Format Version 12.00
# Visual Studio 15
VisualStudioVersion = 15.0.28010.2036
MinimumVisualStudioVersion = 10.0.40219.1
Project("{FAE04EC0-301F-11D3-BF4B-00C04F79EFBC}") = "Trab05.Android", "Trab05\Trab05.Android\Trab05.Android.csproj", "{3D95237C-7F79-41DF-8466-3A994F2B8D8E}"
EndProject
Project("{FAE04EC0-301F-11D3-BF4B-00C04F79EFBC}") = "Trab05.iOS", "Trab05\Trab05.iOS\Trab05.iOS.csproj", "{070B7E45-364A-4796-8F51-F49E4F21C28B}"
EndProject
Project("{FAE04EC0-301F-11D3-BF4B-00C04F79EFBC}") = "Trab05", "Trab05\Trab05\Trab05.csproj", "{A0E2C7A0-2144-410C-96A9-70852706A384}"
EndProject
Global
	GlobalSection(SolutionConfigurationPlatforms) = preSolution
		Ad-Hoc|Any CPU = Ad-Hoc|Any CPU
		Ad-Hoc|iPhone = Ad-Hoc|iPhone
		Ad-Hoc|iPhoneSimulator = Ad-Hoc|iPhoneSimulator
		AppStore|Any CPU = AppStore|Any CPU
		AppStore|iPhone = AppStore|iPhone
		AppStore|iPhoneSimulator = AppStore|iPhoneSimulator
		Debug|Any CPU = Debug|Any CPU
		Debug|iPhone = Debug|iPhone
		Debug|iPhoneSimulator = Debug|iPhoneSimulator
		Release|Any CPU = Release|Any CPU
		Release|iPhone = Release|iPhone
		Release|iPhoneSimulator = Release|iPhoneSimulator
	EndGlobalSection
	GlobalSection(ProjectConfigurationPlatforms) = postSolution
		{3D95237C-7F79-41DF-8466-3A994F2B8D8E}.Ad-Hoc|Any CPU.ActiveCfg = Release|Any CPU
		{3D95237C-7F79-41DF-8466-3A994F2B8D8E}.Ad-Hoc|Any CPU.Build.0 = Release|Any CPU
		{3D95237C-7F79-41DF-8466-3A994F2B8D8E}.Ad-Hoc|Any CPU.Deploy.0 = Release|Any CPU
		{3D95237C-7F79-41DF-8466-3A994F2B8D8E}.Ad-Hoc|iPhone.ActiveCfg = Release|Any CPU
		{3D95237C-7F79-41DF-8466-3A994F2B8D8E}.Ad-Hoc|iPhone.Build.0 = Release|Any CPU
		{3D95237C-7F79-41DF-8466-3A994F2B8D8E}.Ad-Hoc|iPhone.Deploy.0 = Release|Any CPU
		{3D95237C-7F79-41DF-8466-3A994F2B8D8E}.Ad-Hoc|iPhoneSimulator.ActiveCfg = Release|Any CPU
		{3D95237C-7F79-41DF-8466-3A994F2B8D8E}.Ad-Hoc|iPhoneSimulator.Build.0 = Release|Any CPU
		{3D95237C-7F79-41DF-8466-3A994F2B8D8E}.Ad-Hoc|iPhoneSimulator.Deploy.0 = Release|Any CPU
		{3D95237C-7F79-41DF-8466-3A994F2B8D8E}.AppStore|Any CPU.ActiveCfg = Release|Any CPU
		{3D95237C-7F79-41DF-8466-3A994F2B8D8E}.AppStore|Any CPU.Build.0 = Release|Any CPU
		{3D95237C-7F79-41DF-8466-3A994F2B8D8E}.AppStore|Any CPU.Deploy.0 = Release|Any CPU
		{3D95237C-7F79-41DF-8466-3A994F2B8D8E}.AppStore|iPhone.ActiveCfg = Release|Any CPU
		{3D95237C-7F79-41DF-8466-3A994F2B8D8E}.AppStore|iPhone.Build.0 = Release|Any CPU
		{3D95237C-7F79-41DF-8466-3A994F2B8D8E}.AppStore|iPhone.Deploy.0 = Release|Any CPU
		{3D95237C-7F79-41DF-8466-3A994F2B8D8E}.AppStore|iPhoneSimulator.ActiveCfg = Release|Any CPU
		{3D95237C-7F79-41DF-8466-3A994F2B8D8E}.AppStore|iPhoneSimulator.Build.0 = Release|Any CPU
		{3D95237C-7F79-41DF-8466-3A994F2B8D8E}.AppStore|iPhoneSimulator.Deploy.0 = Release|Any CPU
		{3D95237C-7F79-41DF-8466-3A994F2B8D8E}.Debug|Any CPU.ActiveCfg = Debug|Any CPU
		{3D95237C-7F79-41DF-8466-3A994F2B8D8E}.Debug|Any CPU.Build.0 = Debug|Any CPU
		{3D95237C-7F79-41DF-8466-3A994F2B8D8E}.Debug|Any CPU.Deploy.0 = Debug|Any CPU
		{3D95237C-7F79-41DF-8466-3A994F2B8D8E}.Debug|iPhone.ActiveCfg = Debug|Any CPU
		{3D95237C-7F79-41DF-8466-3A994F2B8D8E}.Debug|iPhone.Build.0 = Debug|Any CPU
		{3D95237C-7F79-41DF-8466-3A994F2B8D8E}.Debug|iPhone.Deploy.0 = Debug|Any CPU
		{3D95237C-7F79-41DF-8466-3A994F2B8D8E}.Debug|iPhoneSimulator.ActiveCfg = Debug|Any CPU
		{3D95237C-7F79-41DF-8466-3A994F2B8D8E}.Debug|iPhoneSimulator.Build.0 = Debug|Any CPU
		{3D95237C-7F79-41DF-8466-3A994F2B8D8E}.Debug|iPhoneSimulator.Deploy.0 = Debug|Any CPU
		{3D95237C-7F79-41DF-8466-3A994F2B8D8E}.Release|Any CPU.ActiveCfg = Release|Any CPU
		{3D95237C-7F79-41DF-8466-3A994F2B8D8E}.Release|Any CPU.Build.0 = Release|Any CPU
		{3D95237C-7F79-41DF-8466-3A994F2B8D8E}.Release|Any CPU.Deploy.0 = Release|Any CPU
		{3D95237C-7F79-41DF-8466-3A994F2B8D8E}.Release|iPhone.ActiveCfg = Release|Any CPU
		{3D95237C-7F79-41DF-8466-3A994F2B8D8E}.Release|iPhone.Build.0 = Release|Any CPU
		{3D95237C-7F79-41DF-8466-3A994F2B8D8E}.Release|iPhone.Deploy.0 = Release|Any CPU
		{3D95237C-7F79-41DF-8466-3A994F2B8D8E}.Release|iPhoneSimulator.ActiveCfg = Release|Any CPU
		{3D95237C-7F79-41DF-8466-3A994F2B8D8E}.Release|iPhoneSimulator.Build.0 = Release|Any CPU
		{3D95237C-7F79-41DF-8466-3A994F2B8D8E}.Release|iPhoneSimulator.Deploy.0 = Release|Any CPU
		{070B7E45-364A-4796-8F51-F49E4F21C28B}.Ad-Hoc|Any CPU.ActiveCfg = Ad-Hoc|iPhone
		{070B7E45-364A-4796-8F51-F49E4F21C28B}.Ad-Hoc|Any CPU.Build.0 = Ad-Hoc|iPhone
		{070B7E45-364A-4796-8F51-F49E4F21C28B}.Ad-Hoc|Any CPU.Deploy.0 = Ad-Hoc|iPhone
		{070B7E45-364A-4796-8F51-F49E4F21C28B}.Ad-Hoc|iPhone.ActiveCfg = Ad-Hoc|iPhone
		{070B7E45-364A-4796-8F51-F49E4F21C28B}.Ad-Hoc|iPhone.Build.0 = Ad-Hoc|iPhone
		{070B7E45-364A-4796-8F51-F49E4F21C28B}.Ad-Hoc|iPhone.Deploy.0 = Ad-Hoc|iPhone
		{070B7E45-364A-4796-8F51-F49E4F21C28B}.Ad-Hoc|iPhoneSimulator.ActiveCfg = Ad-Hoc|iPhoneSimulator
		{070B7E45-364A-4796-8F51-F49E4F21C28B}.Ad-Hoc|iPhoneSimulator.Build.0 = Ad-Hoc|iPhoneSimulator
		{070B7E45-364A-4796-8F51-F49E4F21C28B}.Ad-Hoc|iPhoneSimulator.Deploy.0 = Ad-Hoc|iPhoneSimulator
		{070B7E45-364A-4796-8F51-F49E4F21C28B}.AppStore|Any CPU.ActiveCfg = AppStore|iPhone
		{070B7E45-364A-4796-8F51-F49E4F21C28B}.AppStore|Any CPU.Build.0 = AppStore|iPhone
		{070B7E45-364A-4796-8F51-F49E4F21C28B}.AppStore|Any CPU.Deploy.0 = AppStore|iPhone
		{070B7E45-364A-4796-8F51-F49E4F21C28B}.AppStore|iPhone.ActiveCfg = AppStore|iPhone
		{070B7E45-364A-4796-8F51-F49E4F21C28B}.AppStore|iPhone.Build.0 = AppStore|iPhone
		{070B7E45-364A-4796-8F51-F49E4F21C28B}.AppStore|iPhone.Deploy.0 = AppStore|iPhone
		{070B7E45-364A-4796-8F51-F49E4F21C28B}.AppStore|iPhoneSimulator.ActiveCfg = AppStore|iPhoneSimulator
		{070B7E45-364A-4796-8F51-F49E4F21C28B}.AppStore|iPhoneSimulator.Build.0 = AppStore|iPhoneSimulator
		{070B7E45-364A-4796-8F51-F49E4F21C28B}.AppStore|iPhoneSimulator.Deploy.0 = AppStore|iPhoneSimulator
		{070B7E45-364A-4796-8F51-F49E4F21C28B}.Debug|Any CPU.ActiveCfg = Debug|iPhoneSimulator
		{070B7E45-364A-4796-8F51-F49E4F21C28B}.Debug|Any CPU.Build.0 = Debug|iPhoneSimulator
		{070B7E45-364A-4796-8F51-F49E4F21C28B}.Debug|Any CPU.Deploy.0 = Debug|iPhoneSimulator
		{070B7E45-364A-4796-8F51-F49E4F21C28B}.Debug|iPhone.ActiveCfg = Debug|iPhone
		{070B7E45-364A-4796-8F51-F49E4F21C28B}.Debug|iPhone.Build.0 = Debug|iPhone
		{070B7E45-364A-4796-8F51-F49E4F21C28B}.Debug|iPhone.Deploy.0 = Debug|iPhone
		{070B7E45-364A-4796-8F51-F49E4F21C28B}.Debug|iPhoneSimulator.ActiveCfg = Debug|iPhoneSimulator
		{070B7E45-364A-4796-8F51-F49E4F21C28B}.Debug|iPhoneSimulator.Build.0 = Debug|iPhoneSimulator
		{070B7E45-364A-4796-8F51-F49E4F21C28B}.Debug|iPhoneSimulator.Deploy.0 = Debug|iPhoneSimulator
		{070B7E45-364A-4796-8F51-F49E4F21C28B}.Release|Any CPU.ActiveCfg = Release|iPhone
		{070B7E45-364A-4796-8F51-F49E4F21C28B}.Release|Any CPU.Build.0 = Release|iPhone
		{070B7E45-364A-4796-8F51-F49E4F21C28B}.Release|Any CPU.Deploy.0 = Release|iPhone
		{070B7E45-364A-4796-8F51-F49E4F21C28B}.Release|iPhone.ActiveCfg = Release|iPhone
		{070B7E45-364A-4796-8F51-F49E4F21C28B}.Release|iPhone.Build.0 = Release|iPhone
		{070B7E45-364A-4796-8F51-F49E4F21C28B}.Release|iPhone.Deploy.0 = Release|iPhone
		{070B7E45-364A-4796-8F51-F49E4F21C28B}.Release|iPhoneSimulator.ActiveCfg = Release|iPhoneSimulator
		{070B7E45-364A-4796-8F51-F49E4F21C28B}.Release|iPhoneSimulator.Build.0 = Release|iPhoneSimulator
		{070B7E45-364A-4796-8F51-F49E4F21C28B}.Release|iPhoneSimulator.Deploy.0 = Release|iPhoneSimulator
		{A0E2C7A0-2144-410C-96A9-70852706A384}.Ad-Hoc|Any CPU.ActiveCfg = Debug|Any CPU
		{A0E2C7A0-2144-410C-96A9-70852706A384}.Ad-Hoc|Any CPU.Build.0 = Debug|Any CPU
		{A0E2C7A0-2144-410C-96A9-70852706A384}.Ad-Hoc|Any CPU.Deploy.0 = Debug|Any CPU
		{A0E2C7A0-2144-410C-96A9-70852706A384}.Ad-Hoc|iPhone.ActiveCfg = Debug|Any CPU
		{A0E2C7A0-2144-410C-96A9-70852706A384}.Ad-Hoc|iPhone.Build.0 = Debug|Any CPU
		{A0E2C7A0-2144-410C-96A9-70852706A384}.Ad-Hoc|iPhone.Deploy.0 = Debug|Any CPU
		{A0E2C7A0-2144-410C-96A9-70852706A384}.Ad-Hoc|iPhoneSimulator.ActiveCfg = Debug|Any CPU
		{A0E2C7A0-2144-410C-96A9-70852706A384}.Ad-Hoc|iPhoneSimulator.Build.0 = Debug|Any CPU
		{A0E2C7A0-2144-410C-96A9-70852706A384}.Ad-Hoc|iPhoneSimulator.Deploy.0 = Debug|Any CPU
		{A0E2C7A0-2144-410C-96A9-70852706A384}.AppStore|Any CPU.ActiveCfg = Debug|Any CPU
		{A0E2C7A0-2144-410C-96A9-70852706A384}.AppStore|Any CPU.Build.0 = Debug|Any CPU
		{A0E2C7A0-2144-410C-96A9-70852706A384}.AppStore|Any CPU.Deploy.0 = Debug|Any CPU
		{A0E2C7A0-2144-410C-96A9-70852706A384}.AppStore|iPhone.ActiveCfg = Debug|Any CPU
		{A0E2C7A0-2144-410C-96A9-70852706A384}.AppStore|iPhone.Build.0 = Debug|Any CPU
		{A0E2C7A0-2144-410C-96A9-70852706A384}.AppStore|iPhone.Deploy.0 = Debug|Any CPU
		{A0E2C7A0-2144-410C-96A9-70852706A384}.AppStore|iPhoneSimulator.ActiveCfg = Debug|Any CPU
		{A0E2C7A0-2144-410C-96A9-70852706A384}.AppStore|iPhoneSimulator.Build.0 = Debug|Any CPU
		{A0E2C7A0-2144-410C-96A9-70852706A384}.AppStore|iPhoneSimulator.Deploy.0 = Debug|Any CPU
		{A0E2C7A0-2144-410C-96A9-70852706A384}.Debug|Any CPU.ActiveCfg = Debug|Any CPU
		{A0E2C7A0-2144-410C-96A9-70852706A384}.Debug|Any CPU.Build.0 = Debug|Any CPU
		{A0E2C7A0-2144-410C-96A9-70852706A384}.Debug|Any CPU.Deploy.0 = Debug|Any CPU
		{A0E2C7A0-2144-410C-96A9-70852706A384}.Debug|iPhone.ActiveCfg = Debug|Any CPU
		{A0E2C7A0-2144-410C-96A9-70852706A384}.Debug|iPhone.Build.0 = Debug|Any CPU
		{A0E2C7A0-2144-410C-96A9-70852706A384}.Debug|iPhone.Deploy.0 = Debug|Any CPU
		{A0E2C7A0-2144-410C-96A9-70852706A384}.Debug|iPhoneSimulator.ActiveCfg = Debug|Any CPU
		{A0E2C7A0-2144-410C-96A9-70852706A384}.Debug|iPhoneSimulator.Build.0 = Debug|Any CPU
		{A0E2C7A0-2144-410C-96A9-70852706A384}.Debug|iPhoneSimulator.Deploy.0 = Debug|Any CPU
		{A0E2C7A0-2144-410C-96A9-70852706A384}.Release|Any CPU.ActiveCfg = Release|Any CPU
		{A0E2C7A0-2144-410C-96A9-70852706A384}.Release|Any CPU.Build.0 = Release|Any CPU
		{A0E2C7A0-2144-410C-96A9-70852706A384}.Release|Any CPU.Deploy.0 = Release|Any CPU
		{A0E2C7A0-2144-410C-96A9-70852706A384}.Release|iPhone.ActiveCfg = Release|Any CPU
		{A0E2C7A0-2144-410C-96A9-70852706A384}.Release|iPhone.Build.0 = Release|Any CPU
		{A0E2C7A0-2144-410C-96A9-70852706A384}.Release|iPhone.Deploy.0 = Release|Any CPU
		{A0E2C7A0-2144-410C-96A9-70852706A384}.Release|iPhoneSimulator.ActiveCfg = Release|Any CPU
		{A0E2C7A0-2144-410C-96A9-70852706A384}.Release|iPhoneSimulator.Build.0 = Release|Any CPU
		{A0E2C7A0-2144-410C-96A9-70852706A384}.Release|iPhoneSimulator.Deploy.0 = Release|Any CPU
	EndGlobalSection
	GlobalSection(SolutionProperties) = preSolution
		HideSolutionNode = FALSE
	EndGlobalSection
	GlobalSection(ExtensibilityGlobals) = postSolution
		SolutionGuid = {415B949A-E4BC-42B7-B650-55A471677A50}
	EndGlobalSection
EndGlobal
